
Microsoft Visual Studio Solution File, Format Version 12.00
# Visual Studio Version 17
VisualStudioVersion = 17.0.32112.339
MinimumVisualStudioVersion = 10.0.40219.1
Project("{9A19103F-16F7-4668-BE54-9A1E7A4F7556}") = "ElectricityManagement.Application", "ElectricityManagement.Application\ElectricityManagement.Application.csproj", "{3BF60447-0217-433D-99B8-CD91331C639F}"
EndProject
Project("{9A19103F-16F7-4668-BE54-9A1E7A4F7556}") = "ElectricityManagement.Domain", "ElectricityManagement.Domain\ElectricityManagement.Domain.csproj", "{05615264-2BE7-4E04-8B96-4BD0CEA5A19F}"
EndProject
Project("{9A19103F-16F7-4668-BE54-9A1E7A4F7556}") = "ElectricityManagement.Infrastructure", "ElectricityManagement.Infrastructure\ElectricityManagement.Infrastructure.csproj", "{9C2FA219-F1BE-4855-BECD-634B85732AC6}"
EndProject
Project("{9A19103F-16F7-4668-BE54-9A1E7A4F7556}") = "ElectricityManagement.Api", "ElectricityManagement.Api\ElectricityManagement.Api.csproj", "{A48A4A6B-B828-49DD-A1F5-0BFE3ADC567F}"
EndProject
Project("{FAE04EC0-301F-11D3-BF4B-00C04F79EFBC}") = "ElectricityManagement.Application.Tests", "ElectricityManagement.Application.Tests\ElectricityManagement.Application.Tests.csproj", "{8796890B-A070-4FD9-A6A8-54D85A2F1BD5}"
EndProject
Project("{FAE04EC0-301F-11D3-BF4B-00C04F79EFBC}") = "ElectricityManagement.Api.Tests", "ElectricityManagement.Api.Tests\ElectricityManagement.Api.Tests.csproj", "{27383DF7-87F2-4FEC-B6C6-82CE7686F19B}"
EndProject
Global
	GlobalSection(SolutionConfigurationPlatforms) = preSolution
		Debug|Any CPU = Debug|Any CPU
		Release|Any CPU = Release|Any CPU
	EndGlobalSection
	GlobalSection(ProjectConfigurationPlatforms) = postSolution
		{3BF60447-0217-433D-99B8-CD91331C639F}.Debug|Any CPU.ActiveCfg = Debug|Any CPU
		{3BF60447-0217-433D-99B8-CD91331C639F}.Debug|Any CPU.Build.0 = Debug|Any CPU
		{3BF60447-0217-433D-99B8-CD91331C639F}.Release|Any CPU.ActiveCfg = Release|Any CPU
		{3BF60447-0217-433D-99B8-CD91331C639F}.Release|Any CPU.Build.0 = Release|Any CPU
		{05615264-2BE7-4E04-8B96-4BD0CEA5A19F}.Debug|Any CPU.ActiveCfg = Debug|Any CPU
		{05615264-2BE7-4E04-8B96-4BD0CEA5A19F}.Debug|Any CPU.Build.0 = Debug|Any CPU
		{05615264-2BE7-4E04-8B96-4BD0CEA5A19F}.Release|Any CPU.ActiveCfg = Release|Any CPU
		{05615264-2BE7-4E04-8B96-4BD0CEA5A19F}.Release|Any CPU.Build.0 = Release|Any CPU
		{9C2FA219-F1BE-4855-BECD-634B85732AC6}.Debug|Any CPU.ActiveCfg = Debug|Any CPU
		{9C2FA219-F1BE-4855-BECD-634B85732AC6}.Debug|Any CPU.Build.0 = Debug|Any CPU
		{9C2FA219-F1BE-4855-BECD-634B85732AC6}.Release|Any CPU.ActiveCfg = Release|Any CPU
		{9C2FA219-F1BE-4855-BECD-634B85732AC6}.Release|Any CPU.Build.0 = Release|Any CPU
		{A48A4A6B-B828-49DD-A1F5-0BFE3ADC567F}.Debug|Any CPU.ActiveCfg = Debug|Any CPU
		{A48A4A6B-B828-49DD-A1F5-0BFE3ADC567F}.Debug|Any CPU.Build.0 = Debug|Any CPU
		{A48A4A6B-B828-49DD-A1F5-0BFE3ADC567F}.Release|Any CPU.ActiveCfg = Release|Any CPU
		{A48A4A6B-B828-49DD-A1F5-0BFE3ADC567F}.Release|Any CPU.Build.0 = Release|Any CPU
		{8796890B-A070-4FD9-A6A8-54D85A2F1BD5}.Debug|Any CPU.ActiveCfg = Debug|Any CPU
		{8796890B-A070-4FD9-A6A8-54D85A2F1BD5}.Debug|Any CPU.Build.0 = Debug|Any CPU
		{8796890B-A070-4FD9-A6A8-54D85A2F1BD5}.Release|Any CPU.ActiveCfg = Release|Any CPU
		{8796890B-A070-4FD9-A6A8-54D85A2F1BD5}.Release|Any CPU.Build.0 = Release|Any CPU
		{27383DF7-87F2-4FEC-B6C6-82CE7686F19B}.Debug|Any CPU.ActiveCfg = Debug|Any CPU
		{27383DF7-87F2-4FEC-B6C6-82CE7686F19B}.Debug|Any CPU.Build.0 = Debug|Any CPU
		{27383DF7-87F2-4FEC-B6C6-82CE7686F19B}.Release|Any CPU.ActiveCfg = Release|Any CPU
		{27383DF7-87F2-4FEC-B6C6-82CE7686F19B}.Release|Any CPU.Build.0 = Release|Any CPU
	EndGlobalSection
	GlobalSection(SolutionProperties) = preSolution
		HideSolutionNode = FALSE
	EndGlobalSection
	GlobalSection(ExtensibilityGlobals) = postSolution
		SolutionGuid = {2E602128-30E7-477F-BC21-F29DED22D1A5}
	EndGlobalSection
EndGlobal
